
Microsoft Visual Studio Solution File, Format Version 12.00
# Visual Studio Version 17
VisualStudioVersion = 17.8.34309.116
MinimumVisualStudioVersion = 10.0.40219.1
Project("{9A19103F-16F7-4668-BE54-9A1E7A4F7556}") = "CencosudApiLib.Services", "CencosudApiLib.Services\CencosudApiLib.Services.csproj", "{48B9459C-A5BD-4622-8024-F7DF1C01B452}"
EndProject
Project("{9A19103F-16F7-4668-BE54-9A1E7A4F7556}") = "CencosudApiLib.Data", "CencosudApiLib.Data\CencosudApiLib.Data.csproj", "{CA14F31E-4AB8-4B33-9F87-B7A901EDEE7A}"
EndProject
Project("{9A19103F-16F7-4668-BE54-9A1E7A4F7556}") = "CencosudApiLib.Repository", "CencosudApiLib.Repository\CencosudApiLib.Repository.csproj", "{C207E0F3-BE82-497E-809E-53EC45AF978C}"
EndProject
Project("{9A19103F-16F7-4668-BE54-9A1E7A4F7556}") = "CencosudApiLib.Models", "CencosudApiLib.Models\CencosudApiLib.Models.csproj", "{3D57F31F-6AFD-4E53-B789-342AF740767F}"
EndProject
Project("{9A19103F-16F7-4668-BE54-9A1E7A4F7556}") = "CencosudApiLib.Web", "CencosudApiLib.Web\CencosudApiLib.Web.csproj", "{DB539608-8D3D-4C2A-A151-0EF843473232}"
EndProject
Global
	GlobalSection(SolutionConfigurationPlatforms) = preSolution
		Debug|Any CPU = Debug|Any CPU
		Release|Any CPU = Release|Any CPU
	EndGlobalSection
	GlobalSection(ProjectConfigurationPlatforms) = postSolution
		{48B9459C-A5BD-4622-8024-F7DF1C01B452}.Debug|Any CPU.ActiveCfg = Debug|Any CPU
		{48B9459C-A5BD-4622-8024-F7DF1C01B452}.Debug|Any CPU.Build.0 = Debug|Any CPU
		{48B9459C-A5BD-4622-8024-F7DF1C01B452}.Release|Any CPU.ActiveCfg = Release|Any CPU
		{48B9459C-A5BD-4622-8024-F7DF1C01B452}.Release|Any CPU.Build.0 = Release|Any CPU
		{CA14F31E-4AB8-4B33-9F87-B7A901EDEE7A}.Debug|Any CPU.ActiveCfg = Debug|Any CPU
		{CA14F31E-4AB8-4B33-9F87-B7A901EDEE7A}.Debug|Any CPU.Build.0 = Debug|Any CPU
		{CA14F31E-4AB8-4B33-9F87-B7A901EDEE7A}.Release|Any CPU.ActiveCfg = Release|Any CPU
		{CA14F31E-4AB8-4B33-9F87-B7A901EDEE7A}.Release|Any CPU.Build.0 = Release|Any CPU
		{C207E0F3-BE82-497E-809E-53EC45AF978C}.Debug|Any CPU.ActiveCfg = Debug|Any CPU
		{C207E0F3-BE82-497E-809E-53EC45AF978C}.Debug|Any CPU.Build.0 = Debug|Any CPU
		{C207E0F3-BE82-497E-809E-53EC45AF978C}.Release|Any CPU.ActiveCfg = Release|Any CPU
		{C207E0F3-BE82-497E-809E-53EC45AF978C}.Release|Any CPU.Build.0 = Release|Any CPU
		{3D57F31F-6AFD-4E53-B789-342AF740767F}.Debug|Any CPU.ActiveCfg = Debug|Any CPU
		{3D57F31F-6AFD-4E53-B789-342AF740767F}.Debug|Any CPU.Build.0 = Debug|Any CPU
		{3D57F31F-6AFD-4E53-B789-342AF740767F}.Release|Any CPU.ActiveCfg = Release|Any CPU
		{3D57F31F-6AFD-4E53-B789-342AF740767F}.Release|Any CPU.Build.0 = Release|Any CPU
		{DB539608-8D3D-4C2A-A151-0EF843473232}.Debug|Any CPU.ActiveCfg = Debug|Any CPU
		{DB539608-8D3D-4C2A-A151-0EF843473232}.Debug|Any CPU.Build.0 = Debug|Any CPU
		{DB539608-8D3D-4C2A-A151-0EF843473232}.Release|Any CPU.ActiveCfg = Release|Any CPU
		{DB539608-8D3D-4C2A-A151-0EF843473232}.Release|Any CPU.Build.0 = Release|Any CPU
	EndGlobalSection
	GlobalSection(SolutionProperties) = preSolution
		HideSolutionNode = FALSE
	EndGlobalSection
	GlobalSection(ExtensibilityGlobals) = postSolution
		SolutionGuid = {B2E6C3AA-8255-4CD7-86BC-BC39E2AF94C2}
	EndGlobalSection
EndGlobal
